// !$*UTF8*$!
{
	archiveVersion = 1;
	classes = {
	};
	objectVersion = 46;
	objects = {

/* Begin PBXBuildFile section */
		984D86B419590B64997D9B67 /* Pods_gitHubUsersListTest.framework in Frameworks */ = {isa = PBXBuildFile; fileRef = 0F83048CB6A765C049A91326 /* Pods_gitHubUsersListTest.framework */; };
		CD3605891F3A13D600E59F0C /* AppDelegate.swift in Sources */ = {isa = PBXBuildFile; fileRef = CD3605881F3A13D600E59F0C /* AppDelegate.swift */; };
		CD36058B1F3A13D600E59F0C /* ViewController.swift in Sources */ = {isa = PBXBuildFile; fileRef = CD36058A1F3A13D600E59F0C /* ViewController.swift */; };
		CD36058E1F3A13D600E59F0C /* Main.storyboard in Resources */ = {isa = PBXBuildFile; fileRef = CD36058C1F3A13D600E59F0C /* Main.storyboard */; };
		CD3605901F3A13D600E59F0C /* Assets.xcassets in Resources */ = {isa = PBXBuildFile; fileRef = CD36058F1F3A13D600E59F0C /* Assets.xcassets */; };
		CD3605931F3A13D600E59F0C /* LaunchScreen.storyboard in Resources */ = {isa = PBXBuildFile; fileRef = CD3605911F3A13D600E59F0C /* LaunchScreen.storyboard */; };
		CD88C46D1F3B180500B5C9CD /* UserTableViewCell.swift in Sources */ = {isa = PBXBuildFile; fileRef = CD88C46B1F3B180500B5C9CD /* UserTableViewCell.swift */; };
		CD88C46E1F3B180500B5C9CD /* UserTableViewCell.xib in Resources */ = {isa = PBXBuildFile; fileRef = CD88C46C1F3B180500B5C9CD /* UserTableViewCell.xib */; };
		CDA2ACBE1F3A5C620067A354 /* ApiManager.swift in Sources */ = {isa = PBXBuildFile; fileRef = CDA2ACBD1F3A5C620067A354 /* ApiManager.swift */; };
		CDA2ACC01F3A5EAE0067A354 /* UserModel.swift in Sources */ = {isa = PBXBuildFile; fileRef = CDA2ACBF1F3A5EAE0067A354 /* UserModel.swift */; };
		CDA2ACC41F3AE9020067A354 /* UserFollowersViewController.swift in Sources */ = {isa = PBXBuildFile; fileRef = CDA2ACC31F3AE9020067A354 /* UserFollowersViewController.swift */; };
/* End PBXBuildFile section */

/* Begin PBXFileReference section */
		0F83048CB6A765C049A91326 /* Pods_gitHubUsersListTest.framework */ = {isa = PBXFileReference; explicitFileType = wrapper.framework; includeInIndex = 0; path = Pods_gitHubUsersListTest.framework; sourceTree = BUILT_PRODUCTS_DIR; };
		56314BF16299CFDDA5F38FA9 /* Pods-gitHubUsersListTest.debug.xcconfig */ = {isa = PBXFileReference; includeInIndex = 1; lastKnownFileType = text.xcconfig; name = "Pods-gitHubUsersListTest.debug.xcconfig"; path = "Pods/Target Support Files/Pods-gitHubUsersListTest/Pods-gitHubUsersListTest.debug.xcconfig"; sourceTree = "<group>"; };
		CD3605851F3A13D600E59F0C /* gitHubUsersListTest.app */ = {isa = PBXFileReference; explicitFileType = wrapper.application; includeInIndex = 0; path = gitHubUsersListTest.app; sourceTree = BUILT_PRODUCTS_DIR; };
		CD3605881F3A13D600E59F0C /* AppDelegate.swift */ = {isa = PBXFileReference; lastKnownFileType = sourcecode.swift; path = AppDelegate.swift; sourceTree = "<group>"; };
		CD36058A1F3A13D600E59F0C /* ViewController.swift */ = {isa = PBXFileReference; lastKnownFileType = sourcecode.swift; path = ViewController.swift; sourceTree = "<group>"; };
		CD36058D1F3A13D600E59F0C /* Base */ = {isa = PBXFileReference; lastKnownFileType = file.storyboard; name = Base; path = Base.lproj/Main.storyboard; sourceTree = "<group>"; };
		CD36058F1F3A13D600E59F0C /* Assets.xcassets */ = {isa = PBXFileReference; lastKnownFileType = folder.assetcatalog; path = Assets.xcassets; sourceTree = "<group>"; };
		CD3605921F3A13D600E59F0C /* Base */ = {isa = PBXFileReference; lastKnownFileType = file.storyboard; name = Base; path = Base.lproj/LaunchScreen.storyboard; sourceTree = "<group>"; };
		CD3605941F3A13D600E59F0C /* Info.plist */ = {isa = PBXFileReference; lastKnownFileType = text.plist.xml; path = Info.plist; sourceTree = "<group>"; };
		CD88C46B1F3B180500B5C9CD /* UserTableViewCell.swift */ = {isa = PBXFileReference; fileEncoding = 4; lastKnownFileType = sourcecode.swift; path = UserTableViewCell.swift; sourceTree = "<group>"; };
		CD88C46C1F3B180500B5C9CD /* UserTableViewCell.xib */ = {isa = PBXFileReference; fileEncoding = 4; lastKnownFileType = file.xib; path = UserTableViewCell.xib; sourceTree = "<group>"; };
		CDA2ACBD1F3A5C620067A354 /* ApiManager.swift */ = {isa = PBXFileReference; fileEncoding = 4; lastKnownFileType = sourcecode.swift; path = ApiManager.swift; sourceTree = "<group>"; };
		CDA2ACBF1F3A5EAE0067A354 /* UserModel.swift */ = {isa = PBXFileReference; fileEncoding = 4; lastKnownFileType = sourcecode.swift; path = UserModel.swift; sourceTree = "<group>"; };
		CDA2ACC31F3AE9020067A354 /* UserFollowersViewController.swift */ = {isa = PBXFileReference; fileEncoding = 4; lastKnownFileType = sourcecode.swift; path = UserFollowersViewController.swift; sourceTree = "<group>"; };
		D438E8EA2D196F1C225665F1 /* Pods-gitHubUsersListTest.release.xcconfig */ = {isa = PBXFileReference; includeInIndex = 1; lastKnownFileType = text.xcconfig; name = "Pods-gitHubUsersListTest.release.xcconfig"; path = "Pods/Target Support Files/Pods-gitHubUsersListTest/Pods-gitHubUsersListTest.release.xcconfig"; sourceTree = "<group>"; };
/* End PBXFileReference section */

/* Begin PBXFrameworksBuildPhase section */
		CD3605821F3A13D600E59F0C /* Frameworks */ = {
			isa = PBXFrameworksBuildPhase;
			buildActionMask = 2147483647;
			files = (
				984D86B419590B64997D9B67 /* Pods_gitHubUsersListTest.framework in Frameworks */,
			);
			runOnlyForDeploymentPostprocessing = 0;
		};
/* End PBXFrameworksBuildPhase section */

/* Begin PBXGroup section */
		341C676B224E9347E386346C /* Pods */ = {
			isa = PBXGroup;
			children = (
				56314BF16299CFDDA5F38FA9 /* Pods-gitHubUsersListTest.debug.xcconfig */,
				D438E8EA2D196F1C225665F1 /* Pods-gitHubUsersListTest.release.xcconfig */,
			);
			name = Pods;
			sourceTree = "<group>";
		};
		CD36057C1F3A13D600E59F0C = {
			isa = PBXGroup;
			children = (
				CD3605871F3A13D600E59F0C /* gitHubUsersListTest */,
				CD3605861F3A13D600E59F0C /* Products */,
				341C676B224E9347E386346C /* Pods */,
				FE112DCEB062DB5FF55BE856 /* Frameworks */,
			);
			sourceTree = "<group>";
		};
		CD3605861F3A13D600E59F0C /* Products */ = {
			isa = PBXGroup;
			children = (
				CD3605851F3A13D600E59F0C /* gitHubUsersListTest.app */,
			);
			name = Products;
			sourceTree = "<group>";
		};
		CD3605871F3A13D600E59F0C /* gitHubUsersListTest */ = {
			isa = PBXGroup;
			children = (
				CD3605881F3A13D600E59F0C /* AppDelegate.swift */,
				CD36058A1F3A13D600E59F0C /* ViewController.swift */,
				CD36058C1F3A13D600E59F0C /* Main.storyboard */,
				CD36058F1F3A13D600E59F0C /* Assets.xcassets */,
				CD3605911F3A13D600E59F0C /* LaunchScreen.storyboard */,
				CD3605941F3A13D600E59F0C /* Info.plist */,
				CDA2ACBD1F3A5C620067A354 /* ApiManager.swift */,
				CDA2ACBF1F3A5EAE0067A354 /* UserModel.swift */,
				CDA2ACC31F3AE9020067A354 /* UserFollowersViewController.swift */,
				CD88C46B1F3B180500B5C9CD /* UserTableViewCell.swift */,
				CD88C46C1F3B180500B5C9CD /* UserTableViewCell.xib */,
			);
			path = gitHubUsersListTest;
			sourceTree = "<group>";
		};
		FE112DCEB062DB5FF55BE856 /* Frameworks */ = {
			isa = PBXGroup;
			children = (
				0F83048CB6A765C049A91326 /* Pods_gitHubUsersListTest.framework */,
			);
			name = Frameworks;
			sourceTree = "<group>";
		};
/* End PBXGroup section */

/* Begin PBXNativeTarget section */
		CD3605841F3A13D600E59F0C /* gitHubUsersListTest */ = {
			isa = PBXNativeTarget;
			buildConfigurationList = CD3605971F3A13D600E59F0C /* Build configuration list for PBXNativeTarget "gitHubUsersListTest" */;
			buildPhases = (
				119AC45EFE7D1D56E8FC0D16 /* 📦 Check Pods Manifest.lock */,
				CD3605811F3A13D600E59F0C /* Sources */,
				CD3605821F3A13D600E59F0C /* Frameworks */,
				CD3605831F3A13D600E59F0C /* Resources */,
				1A24D9E5B12DFFC2B54ACB12 /* 📦 Embed Pods Frameworks */,
				F7121AB0A1D116E2F88D8E9F /* 📦 Copy Pods Resources */,
			);
			buildRules = (
			);
			dependencies = (
			);
			name = gitHubUsersListTest;
			productName = gitHubUsersListTest;
			productReference = CD3605851F3A13D600E59F0C /* gitHubUsersListTest.app */;
			productType = "com.apple.product-type.application";
		};
/* End PBXNativeTarget section */

/* Begin PBXProject section */
		CD36057D1F3A13D600E59F0C /* Project object */ = {
			isa = PBXProject;
			attributes = {
				LastSwiftUpdateCheck = 0830;
				LastUpgradeCheck = 0830;
				ORGANIZATIONNAME = "Serhii Kostiuk";
				TargetAttributes = {
					CD3605841F3A13D600E59F0C = {
						CreatedOnToolsVersion = 8.3.3;
						DevelopmentTeam = L8389A7644;
						ProvisioningStyle = Automatic;
					};
				};
			};
			buildConfigurationList = CD3605801F3A13D600E59F0C /* Build configuration list for PBXProject "gitHubUsersListTest" */;
			compatibilityVersion = "Xcode 3.2";
			developmentRegion = English;
			hasScannedForEncodings = 0;
			knownRegions = (
				en,
				Base,
			);
			mainGroup = CD36057C1F3A13D600E59F0C;
			productRefGroup = CD3605861F3A13D600E59F0C /* Products */;
			projectDirPath = "";
			projectRoot = "";
			targets = (
				CD3605841F3A13D600E59F0C /* gitHubUsersListTest */,
			);
		};
/* End PBXProject section */

/* Begin PBXResourcesBuildPhase section */
		CD3605831F3A13D600E59F0C /* Resources */ = {
			isa = PBXResourcesBuildPhase;
			buildActionMask = 2147483647;
			files = (
				CD88C46E1F3B180500B5C9CD /* UserTableViewCell.xib in Resources */,
				CD3605931F3A13D600E59F0C /* LaunchScreen.storyboard in Resources */,
				CD3605901F3A13D600E59F0C /* Assets.xcassets in Resources */,
				CD36058E1F3A13D600E59F0C /* Main.storyboard in Resources */,
			);
			runOnlyForDeploymentPostprocessing = 0;
		};
/* End PBXResourcesBuildPhase section */

/* Begin PBXShellScriptBuildPhase section */
		119AC45EFE7D1D56E8FC0D16 /* 📦 Check Pods Manifest.lock */ = {
			isa = PBXShellScriptBuildPhase;
			buildActionMask = 2147483647;
			files = (
			);
			inputPaths = (
			);
			name = "📦 Check Pods Manifest.lock";
			outputPaths = (
			);
			runOnlyForDeploymentPostprocessing = 0;
			shellPath = /bin/sh;
			shellScript = "diff \"${PODS_ROOT}/../Podfile.lock\" \"${PODS_ROOT}/Manifest.lock\" > /dev/null\nif [[ $? != 0 ]] ; then\n    cat << EOM\nerror: The sandbox is not in sync with the Podfile.lock. Run 'pod install' or update your CocoaPods installation.\nEOM\n    exit 1\nfi\n";
			showEnvVarsInLog = 0;
		};
		1A24D9E5B12DFFC2B54ACB12 /* 📦 Embed Pods Frameworks */ = {
			isa = PBXShellScriptBuildPhase;
			buildActionMask = 2147483647;
			files = (
			);
			inputPaths = (
			);
			name = "📦 Embed Pods Frameworks";
			outputPaths = (
			);
			runOnlyForDeploymentPostprocessing = 0;
			shellPath = /bin/sh;
			shellScript = "\"${SRCROOT}/Pods/Target Support Files/Pods-gitHubUsersListTest/Pods-gitHubUsersListTest-frameworks.sh\"\n";
			showEnvVarsInLog = 0;
		};
		F7121AB0A1D116E2F88D8E9F /* 📦 Copy Pods Resources */ = {
			isa = PBXShellScriptBuildPhase;
			buildActionMask = 2147483647;
			files = (
			);
			inputPaths = (
			);
			name = "📦 Copy Pods Resources";
			outputPaths = (
			);
			runOnlyForDeploymentPostprocessing = 0;
			shellPath = /bin/sh;
			shellScript = "\"${SRCROOT}/Pods/Target Support Files/Pods-gitHubUsersListTest/Pods-gitHubUsersListTest-resources.sh\"\n";
			showEnvVarsInLog = 0;
		};
/* End PBXShellScriptBuildPhase section */

/* Begin PBXSourcesBuildPhase section */
		CD3605811F3A13D600E59F0C /* Sources */ = {
			isa = PBXSourcesBuildPhase;
			buildActionMask = 2147483647;
			files = (
				CD36058B1F3A13D600E59F0C /* ViewController.swift in Sources */,
				CDA2ACBE1F3A5C620067A354 /* ApiManager.swift in Sources */,
				CDA2ACC01F3A5EAE0067A354 /* UserModel.swift in Sources */,
				CD3605891F3A13D600E59F0C /* AppDelegate.swift in Sources */,
				CD88C46D1F3B180500B5C9CD /* UserTableViewCell.swift in Sources */,
				CDA2ACC41F3AE9020067A354 /* UserFollowersViewController.swift in Sources */,
			);
			runOnlyForDeploymentPostprocessing = 0;
		};
/* End PBXSourcesBuildPhase section */

/* Begin PBXVariantGroup section */
		CD36058C1F3A13D600E59F0C /* Main.storyboard */ = {
			isa = PBXVariantGroup;
			children = (
				CD36058D1F3A13D600E59F0C /* Base */,
			);
			name = Main.storyboard;
			sourceTree = "<group>";
		};
		CD3605911F3A13D600E59F0C /* LaunchScreen.storyboard */ = {
			isa = PBXVariantGroup;
			children = (
				CD3605921F3A13D600E59F0C /* Base */,
			);
			name = LaunchScreen.storyboard;
			sourceTree = "<group>";
		};
/* End PBXVariantGroup section */

/* Begin XCBuildConfiguration section */
		CD3605951F3A13D600E59F0C /* Debug */ = {
			isa = XCBuildConfiguration;
			buildSettings = {
				ALWAYS_SEARCH_USER_PATHS = NO;
				CLANG_ANALYZER_NONNULL = YES;
				CLANG_ANALYZER_NUMBER_OBJECT_CONVERSION = YES_AGGRESSIVE;
				CLANG_CXX_LANGUAGE_STANDARD = "gnu++0x";
				CLANG_CXX_LIBRARY = "libc++";
				CLANG_ENABLE_MODULES = YES;
				CLANG_ENABLE_OBJC_ARC = YES;
				CLANG_WARN_BOOL_CONVERSION = YES;
				CLANG_WARN_CONSTANT_CONVERSION = YES;
				CLANG_WARN_DIRECT_OBJC_ISA_USAGE = YES_ERROR;
				CLANG_WARN_DOCUMENTATION_COMMENTS = YES;
				CLANG_WARN_EMPTY_BODY = YES;
				CLANG_WARN_ENUM_CONVERSION = YES;
				CLANG_WARN_INFINITE_RECURSION = YES;
				CLANG_WARN_INT_CONVERSION = YES;
				CLANG_WARN_OBJC_ROOT_CLASS = YES_ERROR;
				CLANG_WARN_SUSPICIOUS_MOVE = YES;
				CLANG_WARN_UNREACHABLE_CODE = YES;
				CLANG_WARN__DUPLICATE_METHOD_MATCH = YES;
				"CODE_SIGN_IDENTITY[sdk=iphoneos*]" = "iPhone Developer";
				COPY_PHASE_STRIP = NO;
				DEBUG_INFORMATION_FORMAT = dwarf;
				ENABLE_STRICT_OBJC_MSGSEND = YES;
				ENABLE_TESTABILITY = YES;
				GCC_C_LANGUAGE_STANDARD = gnu99;
				GCC_DYNAMIC_NO_PIC = NO;
				GCC_NO_COMMON_BLOCKS = YES;
				GCC_OPTIMIZATION_LEVEL = 0;
				GCC_PREPROCESSOR_DEFINITIONS = (
					"DEBUG=1",
					"$(inherited)",
				);
				GCC_WARN_64_TO_32_BIT_CONVERSION = YES;
				GCC_WARN_ABOUT_RETURN_TYPE = YES_ERROR;
				GCC_WARN_UNDECLARED_SELECTOR = YES;
				GCC_WARN_UNINITIALIZED_AUTOS = YES_AGGRESSIVE;
				GCC_WARN_UNUSED_FUNCTION = YES;
				GCC_WARN_UNUSED_VARIABLE = YES;
				IPHONEOS_DEPLOYMENT_TARGET = 10.3;
				MTL_ENABLE_DEBUG_INFO = YES;
				ONLY_ACTIVE_ARCH = YES;
				SDKROOT = iphoneos;
				SWIFT_ACTIVE_COMPILATION_CONDITIONS = DEBUG;
				SWIFT_OPTIMIZATION_LEVEL = "-Onone";
			};
			name = Debug;
		};
		CD3605961F3A13D600E59F0C /* Release */ = {
			isa = XCBuildConfiguration;
			buildSettings = {
				ALWAYS_SEARCH_USER_PATHS = NO;
				CLANG_ANALYZER_NONNULL = YES;
				CLANG_ANALYZER_NUMBER_OBJECT_CONVERSION = YES_AGGRESSIVE;
				CLANG_CXX_LANGUAGE_STANDARD = "gnu++0x";
				CLANG_CXX_LIBRARY = "libc++";
				CLANG_ENABLE_MODULES = YES;
				CLANG_ENABLE_OBJC_ARC = YES;
				CLANG_WARN_BOOL_CONVERSION = YES;
				CLANG_WARN_CONSTANT_CONVERSION = YES;
				CLANG_WARN_DIRECT_OBJC_ISA_USAGE = YES_ERROR;
				CLANG_WARN_DOCUMENTATION_COMMENTS = YES;
				CLANG_WARN_EMPTY_BODY = YES;
				CLANG_WARN_ENUM_CONVERSION = YES;
				CLANG_WARN_INFINITE_RECURSION = YES;
				CLANG_WARN_INT_CONVERSION = YES;
				CLANG_WARN_OBJC_ROOT_CLASS = YES_ERROR;
				CLANG_WARN_SUSPICIOUS_MOVE = YES;
				CLANG_WARN_UNREACHABLE_CODE = YES;
				CLANG_WARN__DUPLICATE_METHOD_MATCH = YES;
				"CODE_SIGN_IDENTITY[sdk=iphoneos*]" = "iPhone Developer";
				COPY_PHASE_STRIP = NO;
				DEBUG_INFORMATION_FORMAT = "dwarf-with-dsym";
				ENABLE_NS_ASSERTIONS = NO;
				ENABLE_STRICT_OBJC_MSGSEND = YES;
				GCC_C_LANGUAGE_STANDARD = gnu99;
				GCC_NO_COMMON_BLOCKS = YES;
				GCC_WARN_64_TO_32_BIT_CONVERSION = YES;
				GCC_WARN_ABOUT_RETURN_TYPE = YES_ERROR;
				GCC_WARN_UNDECLARED_SELECTOR = YES;
				GCC_WARN_UNINITIALIZED_AUTOS = YES_AGGRESSIVE;
				GCC_WARN_UNUSED_FUNCTION = YES;
				GCC_WARN_UNUSED_VARIABLE = YES;
				IPHONEOS_DEPLOYMENT_TARGET = 10.3;
				MTL_ENABLE_DEBUG_INFO = NO;
				SDKROOT = iphoneos;
				SWIFT_OPTIMIZATION_LEVEL = "-Owholemodule";
				VALIDATE_PRODUCT = YES;
			};
			name = Release;
		};
		CD3605981F3A13D600E59F0C /* Debug */ = {
			isa = XCBuildConfiguration;
			baseConfigurationReference = 56314BF16299CFDDA5F38FA9 /* Pods-gitHubUsersListTest.debug.xcconfig */;
			buildSettings = {
				ASSETCATALOG_COMPILER_APPICON_NAME = AppIcon;
				DEVELOPMENT_TEAM = L8389A7644;
				INFOPLIST_FILE = gitHubUsersListTest/Info.plist;
				LD_RUNPATH_SEARCH_PATHS = "$(inherited) @executable_path/Frameworks";
				PRODUCT_BUNDLE_IDENTIFIER = "com.serhii-kostiuk.gitHubUsersListTest";
				PRODUCT_NAME = "$(TARGET_NAME)";
				SWIFT_VERSION = 3.0;
			};
			name = Debug;
		};
		CD3605991F3A13D600E59F0C /* Release */ = {
			isa = XCBuildConfiguration;
			baseConfigurationReference = D438E8EA2D196F1C225665F1 /* Pods-gitHubUsersListTest.release.xcconfig */;
			buildSettings = {
				ASSETCATALOG_COMPILER_APPICON_NAME = AppIcon;
				DEVELOPMENT_TEAM = L8389A7644;
				INFOPLIST_FILE = gitHubUsersListTest/Info.plist;
				LD_RUNPATH_SEARCH_PATHS = "$(inherited) @executable_path/Frameworks";
				PRODUCT_BUNDLE_IDENTIFIER = "com.serhii-kostiuk.gitHubUsersListTest";
				PRODUCT_NAME = "$(TARGET_NAME)";
				SWIFT_VERSION = 3.0;
			};
			name = Release;
		};
/* End XCBuildConfiguration section */

/* Begin XCConfigurationList section */
		CD3605801F3A13D600E59F0C /* Build configuration list for PBXProject "gitHubUsersListTest" */ = {
			isa = XCConfigurationList;
			buildConfigurations = (
				CD3605951F3A13D600E59F0C /* Debug */,
				CD3605961F3A13D600E59F0C /* Release */,
			);
			defaultConfigurationIsVisible = 0;
			defaultConfigurationName = Release;
		};
		CD3605971F3A13D600E59F0C /* Build configuration list for PBXNativeTarget "gitHubUsersListTest" */ = {
			isa = XCConfigurationList;
			buildConfigurations = (
				CD3605981F3A13D600E59F0C /* Debug */,
				CD3605991F3A13D600E59F0C /* Release */,
			);
			defaultConfigurationIsVisible = 0;
			defaultConfigurationName = Release;
		};
/* End XCConfigurationList section */
	};
	rootObject = CD36057D1F3A13D600E59F0C /* Project object */;
}
